{
    "_readme": [
        "This file locks the dependencies of your project to a known state",
        "Read more about it at http://getcomposer.org/doc/01-basic-usage.md#composer-lock-the-lock-file"
    ],
    "hash": "187f588657ae90fcf614675a082471b5",
    "packages": [
        {
            "name": "papaya/cms-core",
            "version": "dev-master",
            "source": {
                "type": "git",
                "url": "http://vcs.dim/papayacms/papayacms-core.git",
                "reference": "9a15933b658ad865c8750a06430755b296e4b28e"
            },
            "require-dev": {
                "papaya/cms-administration": "*",
                "papaya/template-responsive": "*",
                "papaya/theme-dynamic": "*",
                "papaya/unittest-framework": "*"
            },
            "type": "library",
            "extra": {
                "document-root": "htdocs/"
            },
            "description": "papaya CMS core framework",
            "time": "2014-05-21 18:18:54"
        }
    ],
    "packages-dev": [
        {
            "name": "papaya/cms-administration",
            "version": "dev-master",
            "source": {
                "type": "git",
                "url": "http://vcs.dim/papayacms/papayacms-administration-ui.git",
                "reference": "7258e8f48af3814490c4db10f1bfc46b1c93e275"
            },
            "type": "papaya-administration-ui",
            "time": "2014-05-22 10:08:23"
        },
        {
            "name": "papaya/composer-plugins",
            "version": "dev-master",
            "source": {
                "type": "git",
                "url": "http://vcs.dim/papayacms/papayacms-composer-plugins.git",
                "reference": "6e1891835803320e561ba9c2261ff0160fe356a0"
            },
            "require": {
                "composer-plugin-api": "1.0.0"
            },
            "type": "composer-plugin",
            "extra": {
                "class": "Papaya\\Composer\\InstallerPlugin"
            },
            "autoload": {
                "psr-0": {
                    "Papaya\\Composer": "src/"
                }
            },
            "description": "papaya CMS Composer Plugins",
            "time": "2014-05-22 12:16:19"
        },
        {
            "name": "papaya/template-responsive",
            "version": "dev-master",
            "source": {
                "type": "git",
                "url": "http://vcs.dim/papayacms/papayacms-template-responsive.git",
                "reference": "80d5a62191af21ff8c68265d31173fc0f985252b"
            },
            "require": {
                "papaya/composer-plugins": "*"
            },
            "type": "papaya-template",
            "time": "2014-05-22 10:53:47"
        },
        {
            "name": "papaya/test-framework",
            "version": "dev-master",
            "source": {
                "type": "git",
                "url": "http://vcs.dim/papayacms/papayacms-test-framework.git",
                "reference": "68085c10a828196b9feff63cd3d7a0e5b7b4c856"
            },
            "type": "library",
            "autoload": {
                "classmap": [
                    "./src/"
                ]
            },
            "description": "papaya CMS unittest framework",
            "time": "2014-05-22 14:39:15"
        },
        {
            "name": "papaya/theme-dynamic",
            "version": "dev-master",
            "source": {
                "type": "git",
                "url": "http://vcs.dim/papayacms/papayacms-theme-dynamic.git",
                "reference": "fef70d273f3682c7dffa72d1f28bec8c6ab79206"
            },
            "require": {
                "papaya/composer-plugins": "*",
                "papaya/template-responsive": "*"
            },
            "type": "papaya-theme",
            "time": "2014-05-22 10:59:23"
        }
    ],
    "aliases": [

    ],
    "minimum-stability": "dev",
    "stability-flags": [

    ],
    "platform": [

    ],
    "platform-dev": [

    ]
}
